
Microsoft Visual Studio Solution File, Format Version 12.00
# Visual Studio 2012
Project("{D954291E-2A0B-460D-934E-DC6B0785DB48}") = "boligbank", "boligbank\boligbank.shproj", "{8AA71E1A-4878-4B5D-AFE1-3E76F7B906D3}"
EndProject
Project("{FAE04EC0-301F-11D3-BF4B-00C04F79EFBC}") = "boligbank.iOS", "iOS\boligbank.iOS.csproj", "{3E82CFD3-E6EC-475F-886B-AEA8A594E493}"
EndProject
Project("{FAE04EC0-301F-11D3-BF4B-00C04F79EFBC}") = "boligbank.Droid", "Droid\boligbank.Droid.csproj", "{6372E97B-2C59-4293-99B6-9B70FE308C50}"
EndProject
Project("{FAE04EC0-301F-11D3-BF4B-00C04F79EFBC}") = "boligbank.MobileAppService", "MobileAppService\boligbank.MobileAppService.csproj", "{60B33694-EC29-4AE1-A451-9CB25E37303F}"
EndProject
Global
	GlobalSection(SolutionConfigurationPlatforms) = preSolution
		Debug|iPhoneSimulator = Debug|iPhoneSimulator
		Release|iPhone = Release|iPhone
		Release|iPhoneSimulator = Release|iPhoneSimulator
		Debug|iPhone = Debug|iPhone
		Debug|Any CPU = Debug|Any CPU
		Release|Any CPU = Release|Any CPU
	EndGlobalSection
	GlobalSection(ProjectConfigurationPlatforms) = postSolution
		{3E82CFD3-E6EC-475F-886B-AEA8A594E493}.Debug|iPhoneSimulator.ActiveCfg = Debug|iPhoneSimulator
		{3E82CFD3-E6EC-475F-886B-AEA8A594E493}.Debug|iPhoneSimulator.Build.0 = Debug|iPhoneSimulator
		{3E82CFD3-E6EC-475F-886B-AEA8A594E493}.Release|iPhone.ActiveCfg = Release|iPhone
		{3E82CFD3-E6EC-475F-886B-AEA8A594E493}.Release|iPhone.Build.0 = Release|iPhone
		{3E82CFD3-E6EC-475F-886B-AEA8A594E493}.Release|iPhoneSimulator.ActiveCfg = Release|iPhoneSimulator
		{3E82CFD3-E6EC-475F-886B-AEA8A594E493}.Release|iPhoneSimulator.Build.0 = Release|iPhoneSimulator
		{3E82CFD3-E6EC-475F-886B-AEA8A594E493}.Debug|iPhone.ActiveCfg = Debug|iPhone
		{3E82CFD3-E6EC-475F-886B-AEA8A594E493}.Debug|iPhone.Build.0 = Debug|iPhone
		{3E82CFD3-E6EC-475F-886B-AEA8A594E493}.Debug|Any CPU.ActiveCfg = Debug|iPhoneSimulator
		{3E82CFD3-E6EC-475F-886B-AEA8A594E493}.Debug|Any CPU.Build.0 = Debug|iPhoneSimulator
		{3E82CFD3-E6EC-475F-886B-AEA8A594E493}.Release|Any CPU.ActiveCfg = Release|iPhone
		{3E82CFD3-E6EC-475F-886B-AEA8A594E493}.Release|Any CPU.Build.0 = Release|iPhone
		{6372E97B-2C59-4293-99B6-9B70FE308C50}.Debug|iPhoneSimulator.ActiveCfg = Debug|Any CPU
		{6372E97B-2C59-4293-99B6-9B70FE308C50}.Debug|iPhoneSimulator.Build.0 = Debug|Any CPU
		{6372E97B-2C59-4293-99B6-9B70FE308C50}.Release|iPhone.ActiveCfg = Release|Any CPU
		{6372E97B-2C59-4293-99B6-9B70FE308C50}.Release|iPhone.Build.0 = Release|Any CPU
		{6372E97B-2C59-4293-99B6-9B70FE308C50}.Release|iPhoneSimulator.ActiveCfg = Release|Any CPU
		{6372E97B-2C59-4293-99B6-9B70FE308C50}.Release|iPhoneSimulator.Build.0 = Release|Any CPU
		{6372E97B-2C59-4293-99B6-9B70FE308C50}.Debug|iPhone.ActiveCfg = Debug|Any CPU
		{6372E97B-2C59-4293-99B6-9B70FE308C50}.Debug|iPhone.Build.0 = Debug|Any CPU
		{6372E97B-2C59-4293-99B6-9B70FE308C50}.Debug|Any CPU.ActiveCfg = Debug|Any CPU
		{6372E97B-2C59-4293-99B6-9B70FE308C50}.Debug|Any CPU.Build.0 = Debug|Any CPU
		{6372E97B-2C59-4293-99B6-9B70FE308C50}.Release|Any CPU.ActiveCfg = Release|Any CPU
		{6372E97B-2C59-4293-99B6-9B70FE308C50}.Release|Any CPU.Build.0 = Release|Any CPU
		{60B33694-EC29-4AE1-A451-9CB25E37303F}.Debug|iPhoneSimulator.ActiveCfg = Debug|Any CPU
		{60B33694-EC29-4AE1-A451-9CB25E37303F}.Debug|iPhoneSimulator.Build.0 = Debug|Any CPU
		{60B33694-EC29-4AE1-A451-9CB25E37303F}.Release|iPhone.ActiveCfg = Release|Any CPU
		{60B33694-EC29-4AE1-A451-9CB25E37303F}.Release|iPhone.Build.0 = Release|Any CPU
		{60B33694-EC29-4AE1-A451-9CB25E37303F}.Release|iPhoneSimulator.ActiveCfg = Release|Any CPU
		{60B33694-EC29-4AE1-A451-9CB25E37303F}.Release|iPhoneSimulator.Build.0 = Release|Any CPU
		{60B33694-EC29-4AE1-A451-9CB25E37303F}.Debug|iPhone.ActiveCfg = Debug|Any CPU
		{60B33694-EC29-4AE1-A451-9CB25E37303F}.Debug|iPhone.Build.0 = Debug|Any CPU
		{60B33694-EC29-4AE1-A451-9CB25E37303F}.Debug|Any CPU.ActiveCfg = Debug|Any CPU
		{60B33694-EC29-4AE1-A451-9CB25E37303F}.Debug|Any CPU.Build.0 = Debug|Any CPU
		{60B33694-EC29-4AE1-A451-9CB25E37303F}.Release|Any CPU.ActiveCfg = Release|Any CPU
		{60B33694-EC29-4AE1-A451-9CB25E37303F}.Release|Any CPU.Build.0 = Release|Any CPU
	EndGlobalSection
EndGlobal
